
Microsoft Visual Studio Solution File, Format Version 12.00
# Visual Studio Version 16
VisualStudioVersion = 16.0.30114.105
MinimumVisualStudioVersion = 10.0.40219.1
Project("{FAE04EC0-301F-11D3-BF4B-00C04F79EFBC}") = "DL", "DL\DL.csproj", "{12E11CB4-EFD3-451A-87CD-5A7CA2BC825E}"
EndProject
Project("{FAE04EC0-301F-11D3-BF4B-00C04F79EFBC}") = "StoreBL", "SBL\StoreBL.csproj", "{B51F0058-A312-4A33-8E71-7977B82CD334}"
EndProject
Project("{FAE04EC0-301F-11D3-BF4B-00C04F79EFBC}") = "Models", "Models\Models.csproj", "{6ACBDC32-D52F-45CA-9E37-D95FC351B926}"
EndProject
Project("{FAE04EC0-301F-11D3-BF4B-00C04F79EFBC}") = "Tests", "Tests\Tests.csproj", "{FD724B3E-D6DB-4F56-B170-1BC32505EECE}"
EndProject
Global
	GlobalSection(SolutionConfigurationPlatforms) = preSolution
		Debug|Any CPU = Debug|Any CPU
		Debug|x64 = Debug|x64
		Debug|x86 = Debug|x86
		Release|Any CPU = Release|Any CPU
		Release|x64 = Release|x64
		Release|x86 = Release|x86
	EndGlobalSection
	GlobalSection(SolutionProperties) = preSolution
		HideSolutionNode = FALSE
	EndGlobalSection
	GlobalSection(ProjectConfigurationPlatforms) = postSolution
		{12E11CB4-EFD3-451A-87CD-5A7CA2BC825E}.Debug|Any CPU.ActiveCfg = Debug|Any CPU
		{12E11CB4-EFD3-451A-87CD-5A7CA2BC825E}.Debug|Any CPU.Build.0 = Debug|Any CPU
		{12E11CB4-EFD3-451A-87CD-5A7CA2BC825E}.Debug|x64.ActiveCfg = Debug|Any CPU
		{12E11CB4-EFD3-451A-87CD-5A7CA2BC825E}.Debug|x64.Build.0 = Debug|Any CPU
		{12E11CB4-EFD3-451A-87CD-5A7CA2BC825E}.Debug|x86.ActiveCfg = Debug|Any CPU
		{12E11CB4-EFD3-451A-87CD-5A7CA2BC825E}.Debug|x86.Build.0 = Debug|Any CPU
		{12E11CB4-EFD3-451A-87CD-5A7CA2BC825E}.Release|Any CPU.ActiveCfg = Release|Any CPU
		{12E11CB4-EFD3-451A-87CD-5A7CA2BC825E}.Release|Any CPU.Build.0 = Release|Any CPU
		{12E11CB4-EFD3-451A-87CD-5A7CA2BC825E}.Release|x64.ActiveCfg = Release|Any CPU
		{12E11CB4-EFD3-451A-87CD-5A7CA2BC825E}.Release|x64.Build.0 = Release|Any CPU
		{12E11CB4-EFD3-451A-87CD-5A7CA2BC825E}.Release|x86.ActiveCfg = Release|Any CPU
		{12E11CB4-EFD3-451A-87CD-5A7CA2BC825E}.Release|x86.Build.0 = Release|Any CPU
		{B51F0058-A312-4A33-8E71-7977B82CD334}.Debug|Any CPU.ActiveCfg = Debug|Any CPU
		{B51F0058-A312-4A33-8E71-7977B82CD334}.Debug|Any CPU.Build.0 = Debug|Any CPU
		{B51F0058-A312-4A33-8E71-7977B82CD334}.Debug|x64.ActiveCfg = Debug|Any CPU
		{B51F0058-A312-4A33-8E71-7977B82CD334}.Debug|x64.Build.0 = Debug|Any CPU
		{B51F0058-A312-4A33-8E71-7977B82CD334}.Debug|x86.ActiveCfg = Debug|Any CPU
		{B51F0058-A312-4A33-8E71-7977B82CD334}.Debug|x86.Build.0 = Debug|Any CPU
		{B51F0058-A312-4A33-8E71-7977B82CD334}.Release|Any CPU.ActiveCfg = Release|Any CPU
		{B51F0058-A312-4A33-8E71-7977B82CD334}.Release|Any CPU.Build.0 = Release|Any CPU
		{B51F0058-A312-4A33-8E71-7977B82CD334}.Release|x64.ActiveCfg = Release|Any CPU
		{B51F0058-A312-4A33-8E71-7977B82CD334}.Release|x64.Build.0 = Release|Any CPU
		{B51F0058-A312-4A33-8E71-7977B82CD334}.Release|x86.ActiveCfg = Release|Any CPU
		{B51F0058-A312-4A33-8E71-7977B82CD334}.Release|x86.Build.0 = Release|Any CPU
		{6ACBDC32-D52F-45CA-9E37-D95FC351B926}.Debug|Any CPU.ActiveCfg = Debug|Any CPU
		{6ACBDC32-D52F-45CA-9E37-D95FC351B926}.Debug|Any CPU.Build.0 = Debug|Any CPU
		{6ACBDC32-D52F-45CA-9E37-D95FC351B926}.Debug|x64.ActiveCfg = Debug|Any CPU
		{6ACBDC32-D52F-45CA-9E37-D95FC351B926}.Debug|x64.Build.0 = Debug|Any CPU
		{6ACBDC32-D52F-45CA-9E37-D95FC351B926}.Debug|x86.ActiveCfg = Debug|Any CPU
		{6ACBDC32-D52F-45CA-9E37-D95FC351B926}.Debug|x86.Build.0 = Debug|Any CPU
		{6ACBDC32-D52F-45CA-9E37-D95FC351B926}.Release|Any CPU.ActiveCfg = Release|Any CPU
		{6ACBDC32-D52F-45CA-9E37-D95FC351B926}.Release|Any CPU.Build.0 = Release|Any CPU
		{6ACBDC32-D52F-45CA-9E37-D95FC351B926}.Release|x64.ActiveCfg = Release|Any CPU
		{6ACBDC32-D52F-45CA-9E37-D95FC351B926}.Release|x64.Build.0 = Release|Any CPU
		{6ACBDC32-D52F-45CA-9E37-D95FC351B926}.Release|x86.ActiveCfg = Release|Any CPU
		{6ACBDC32-D52F-45CA-9E37-D95FC351B926}.Release|x86.Build.0 = Release|Any CPU
		{FD724B3E-D6DB-4F56-B170-1BC32505EECE}.Debug|Any CPU.ActiveCfg = Debug|Any CPU
		{FD724B3E-D6DB-4F56-B170-1BC32505EECE}.Debug|Any CPU.Build.0 = Debug|Any CPU
		{FD724B3E-D6DB-4F56-B170-1BC32505EECE}.Debug|x64.ActiveCfg = Debug|Any CPU
		{FD724B3E-D6DB-4F56-B170-1BC32505EECE}.Debug|x64.Build.0 = Debug|Any CPU
		{FD724B3E-D6DB-4F56-B170-1BC32505EECE}.Debug|x86.ActiveCfg = Debug|Any CPU
		{FD724B3E-D6DB-4F56-B170-1BC32505EECE}.Debug|x86.Build.0 = Debug|Any CPU
		{FD724B3E-D6DB-4F56-B170-1BC32505EECE}.Release|Any CPU.ActiveCfg = Release|Any CPU
		{FD724B3E-D6DB-4F56-B170-1BC32505EECE}.Release|Any CPU.Build.0 = Release|Any CPU
		{FD724B3E-D6DB-4F56-B170-1BC32505EECE}.Release|x64.ActiveCfg = Release|Any CPU
		{FD724B3E-D6DB-4F56-B170-1BC32505EECE}.Release|x64.Build.0 = Release|Any CPU
		{FD724B3E-D6DB-4F56-B170-1BC32505EECE}.Release|x86.ActiveCfg = Release|Any CPU
		{FD724B3E-D6DB-4F56-B170-1BC32505EECE}.Release|x86.Build.0 = Release|Any CPU
	EndGlobalSection
EndGlobal
